// !$*UTF8*$!
{
	archiveVersion = 1;
	classes = {
	};
	objectVersion = 56;
	objects = {

/* Begin PBXBuildFile section */
		5416EDE629A4E26D002764DB /* SwiftUI_CardStackViewApp.swift in Sources */ = {isa = PBXBuildFile; fileRef = 5416EDE529A4E26D002764DB /* SwiftUI_CardStackViewApp.swift */; };
		5416EDE829A4E26D002764DB /* ContentView.swift in Sources */ = {isa = PBXBuildFile; fileRef = 5416EDE729A4E26D002764DB /* ContentView.swift */; };
		5416EDEA29A4E26E002764DB /* Assets.xcassets in Resources */ = {isa = PBXBuildFile; fileRef = 5416EDE929A4E26E002764DB /* Assets.xcassets */; };
		5416EDED29A4E26E002764DB /* Preview Assets.xcassets in Resources */ = {isa = PBXBuildFile; fileRef = 5416EDEC29A4E26E002764DB /* Preview Assets.xcassets */; };
		5416EDF429A4E287002764DB /* MyProjectCard.swift in Sources */ = {isa = PBXBuildFile; fileRef = 5416EDF329A4E287002764DB /* MyProjectCard.swift */; };
		5416EDF629A4E623002764DB /* MyBasicCard.swift in Sources */ = {isa = PBXBuildFile; fileRef = 5416EDF529A4E623002764DB /* MyBasicCard.swift */; };
		5442318829A4FA0E005C1D5D /* MyCard.swift in Sources */ = {isa = PBXBuildFile; fileRef = 5442318729A4FA0E005C1D5D /* MyCard.swift */; };
/* End PBXBuildFile section */

/* Begin PBXFileReference section */
		5416EDE229A4E26D002764DB /* SwiftUI_CardStackView.app */ = {isa = PBXFileReference; explicitFileType = wrapper.application; includeInIndex = 0; path = SwiftUI_CardStackView.app; sourceTree = BUILT_PRODUCTS_DIR; };
		5416EDE529A4E26D002764DB /* SwiftUI_CardStackViewApp.swift */ = {isa = PBXFileReference; lastKnownFileType = sourcecode.swift; path = SwiftUI_CardStackViewApp.swift; sourceTree = "<group>"; };
		5416EDE729A4E26D002764DB /* ContentView.swift */ = {isa = PBXFileReference; lastKnownFileType = sourcecode.swift; path = ContentView.swift; sourceTree = "<group>"; };
		5416EDE929A4E26E002764DB /* Assets.xcassets */ = {isa = PBXFileReference; lastKnownFileType = folder.assetcatalog; path = Assets.xcassets; sourceTree = "<group>"; };
		5416EDEC29A4E26E002764DB /* Preview Assets.xcassets */ = {isa = PBXFileReference; lastKnownFileType = folder.assetcatalog; path = "Preview Assets.xcassets"; sourceTree = "<group>"; };
		5416EDF329A4E287002764DB /* MyProjectCard.swift */ = {isa = PBXFileReference; lastKnownFileType = sourcecode.swift; path = MyProjectCard.swift; sourceTree = "<group>"; };
		5416EDF529A4E623002764DB /* MyBasicCard.swift */ = {isa = PBXFileReference; lastKnownFileType = sourcecode.swift; path = MyBasicCard.swift; sourceTree = "<group>"; };
		5442318729A4FA0E005C1D5D /* MyCard.swift */ = {isa = PBXFileReference; lastKnownFileType = sourcecode.swift; path = MyCard.swift; sourceTree = "<group>"; };
/* End PBXFileReference section */

/* Begin PBXFrameworksBuildPhase section */
		5416EDDF29A4E26D002764DB /* Frameworks */ = {
			isa = PBXFrameworksBuildPhase;
			buildActionMask = 2147483647;
			files = (
			);
			runOnlyForDeploymentPostprocessing = 0;
		};
/* End PBXFrameworksBuildPhase section */

/* Begin PBXGroup section */
		5416EDD929A4E26D002764DB = {
			isa = PBXGroup;
			children = (
				5416EDE429A4E26D002764DB /* SwiftUI_CardStackView */,
				5416EDE329A4E26D002764DB /* Products */,
			);
			sourceTree = "<group>";
		};
		5416EDE329A4E26D002764DB /* Products */ = {
			isa = PBXGroup;
			children = (
				5416EDE229A4E26D002764DB /* SwiftUI_CardStackView.app */,
			);
			name = Products;
			sourceTree = "<group>";
		};
		5416EDE429A4E26D002764DB /* SwiftUI_CardStackView */ = {
			isa = PBXGroup;
			children = (
				5416EDE529A4E26D002764DB /* SwiftUI_CardStackViewApp.swift */,
				5416EDE729A4E26D002764DB /* ContentView.swift */,
				5416EDF329A4E287002764DB /* MyProjectCard.swift */,
				5416EDF529A4E623002764DB /* MyBasicCard.swift */,
				5442318729A4FA0E005C1D5D /* MyCard.swift */,
				5416EDE929A4E26E002764DB /* Assets.xcassets */,
				5416EDEB29A4E26E002764DB /* Preview Content */,
			);
			path = SwiftUI_CardStackView;
			sourceTree = "<group>";
		};
		5416EDEB29A4E26E002764DB /* Preview Content */ = {
			isa = PBXGroup;
			children = (
				5416EDEC29A4E26E002764DB /* Preview Assets.xcassets */,
			);
			path = "Preview Content";
			sourceTree = "<group>";
		};
/* End PBXGroup section */

/* Begin PBXNativeTarget section */
		5416EDE129A4E26D002764DB /* SwiftUI_CardStackView */ = {
			isa = PBXNativeTarget;
			buildConfigurationList = 5416EDF029A4E26E002764DB /* Build configuration list for PBXNativeTarget "SwiftUI_CardStackView" */;
			buildPhases = (
				5416EDDE29A4E26D002764DB /* Sources */,
				5416EDDF29A4E26D002764DB /* Frameworks */,
				5416EDE029A4E26D002764DB /* Resources */,
			);
			buildRules = (
			);
			dependencies = (
			);
			name = SwiftUI_CardStackView;
			productName = SwiftUI_CardStackView;
			productReference = 5416EDE229A4E26D002764DB /* SwiftUI_CardStackView.app */;
			productType = "com.apple.product-type.application";
		};
/* End PBXNativeTarget section */

/* Begin PBXProject section */
		5416EDDA29A4E26D002764DB /* Project object */ = {
			isa = PBXProject;
			attributes = {
				BuildIndependentTargetsInParallel = 1;
				LastSwiftUpdateCheck = 1410;
				LastUpgradeCheck = 1410;
				TargetAttributes = {
					5416EDE129A4E26D002764DB = {
						CreatedOnToolsVersion = 14.1;
					};
				};
			};
			buildConfigurationList = 5416EDDD29A4E26D002764DB /* Build configuration list for PBXProject "SwiftUI_CardStackView" */;
			compatibilityVersion = "Xcode 14.0";
			developmentRegion = en;
			hasScannedForEncodings = 0;
			knownRegions = (
				en,
				Base,
			);
			mainGroup = 5416EDD929A4E26D002764DB;
			productRefGroup = 5416EDE329A4E26D002764DB /* Products */;
			projectDirPath = "";
			projectRoot = "";
			targets = (
				5416EDE129A4E26D002764DB /* SwiftUI_CardStackView */,
			);
		};
/* End PBXProject section */

/* Begin PBXResourcesBuildPhase section */
		5416EDE029A4E26D002764DB /* Resources */ = {
			isa = PBXResourcesBuildPhase;
			buildActionMask = 2147483647;
			files = (
				5416EDED29A4E26E002764DB /* Preview Assets.xcassets in Resources */,
				5416EDEA29A4E26E002764DB /* Assets.xcassets in Resources */,
			);
			runOnlyForDeploymentPostprocessing = 0;
		};
/* End PBXResourcesBuildPhase section */

/* Begin PBXSourcesBuildPhase section */
		5416EDDE29A4E26D002764DB /* Sources */ = {
			isa = PBXSourcesBuildPhase;
			buildActionMask = 2147483647;
			files = (
				5416EDF429A4E287002764DB /* MyProjectCard.swift in Sources */,
				5416EDE829A4E26D002764DB /* ContentView.swift in Sources */,
				5416EDF629A4E623002764DB /* MyBasicCard.swift in Sources */,
				5442318829A4FA0E005C1D5D /* MyCard.swift in Sources */,
				5416EDE629A4E26D002764DB /* SwiftUI_CardStackViewApp.swift in Sources */,
			);
			runOnlyForDeploymentPostprocessing = 0;
		};
/* End PBXSourcesBuildPhase section */

/* Begin XCBuildConfiguration section */
		5416EDEE29A4E26E002764DB /* Debug */ = {
			isa = XCBuildConfiguration;
			buildSettings = {
				ALWAYS_SEARCH_USER_PATHS = NO;
				CLANG_ANALYZER_NONNULL = YES;
				CLANG_ANALYZER_NUMBER_OBJECT_CONVERSION = YES_AGGRESSIVE;
				CLANG_CXX_LANGUAGE_STANDARD = "gnu++20";
				CLANG_ENABLE_MODULES = YES;
				CLANG_ENABLE_OBJC_ARC = YES;
				CLANG_ENABLE_OBJC_WEAK = YES;
				CLANG_WARN_BLOCK_CAPTURE_AUTORELEASING = YES;
				CLANG_WARN_BOOL_CONVERSION = YES;
				CLANG_WARN_COMMA = YES;
				CLANG_WARN_CONSTANT_CONVERSION = YES;
				CLANG_WARN_DEPRECATED_OBJC_IMPLEMENTATIONS = YES;
				CLANG_WARN_DIRECT_OBJC_ISA_USAGE = YES_ERROR;
				CLANG_WARN_DOCUMENTATION_COMMENTS = YES;
				CLANG_WARN_EMPTY_BODY = YES;
				CLANG_WARN_ENUM_CONVERSION = YES;
				CLANG_WARN_INFINITE_RECURSION = YES;
				CLANG_WARN_INT_CONVERSION = YES;
				CLANG_WARN_NON_LITERAL_NULL_CONVERSION = YES;
				CLANG_WARN_OBJC_IMPLICIT_RETAIN_SELF = YES;
				CLANG_WARN_OBJC_LITERAL_CONVERSION = YES;
				CLANG_WARN_OBJC_ROOT_CLASS = YES_ERROR;
				CLANG_WARN_QUOTED_INCLUDE_IN_FRAMEWORK_HEADER = YES;
				CLANG_WARN_RANGE_LOOP_ANALYSIS = YES;
				CLANG_WARN_STRICT_PROTOTYPES = YES;
				CLANG_WARN_SUSPICIOUS_MOVE = YES;
				CLANG_WARN_UNGUARDED_AVAILABILITY = YES_AGGRESSIVE;
				CLANG_WARN_UNREACHABLE_CODE = YES;
				CLANG_WARN__DUPLICATE_METHOD_MATCH = YES;
				COPY_PHASE_STRIP = NO;
				DEBUG_INFORMATION_FORMAT = dwarf;
				ENABLE_STRICT_OBJC_MSGSEND = YES;
				ENABLE_TESTABILITY = YES;
				GCC_C_LANGUAGE_STANDARD = gnu11;
				GCC_DYNAMIC_NO_PIC = NO;
				GCC_NO_COMMON_BLOCKS = YES;
				GCC_OPTIMIZATION_LEVEL = 0;
				GCC_PREPROCESSOR_DEFINITIONS = (
					"DEBUG=1",
					"$(inherited)",
				);
				GCC_WARN_64_TO_32_BIT_CONVERSION = YES;
				GCC_WARN_ABOUT_RETURN_TYPE = YES_ERROR;
				GCC_WARN_UNDECLARED_SELECTOR = YES;
				GCC_WARN_UNINITIALIZED_AUTOS = YES_AGGRESSIVE;
				GCC_WARN_UNUSED_FUNCTION = YES;
				GCC_WARN_UNUSED_VARIABLE = YES;
				IPHONEOS_DEPLOYMENT_TARGET = 16.1;
				MTL_ENABLE_DEBUG_INFO = INCLUDE_SOURCE;
				MTL_FAST_MATH = YES;
				ONLY_ACTIVE_ARCH = YES;
				SDKROOT = iphoneos;
				SWIFT_ACTIVE_COMPILATION_CONDITIONS = DEBUG;
				SWIFT_OPTIMIZATION_LEVEL = "-Onone";
			};
			name = Debug;
		};
		5416EDEF29A4E26E002764DB /* Release */ = {
			isa = XCBuildConfiguration;
			buildSettings = {
				ALWAYS_SEARCH_USER_PATHS = NO;
				CLANG_ANALYZER_NONNULL = YES;
				CLANG_ANALYZER_NUMBER_OBJECT_CONVERSION = YES_AGGRESSIVE;
				CLANG_CXX_LANGUAGE_STANDARD = "gnu++20";
				CLANG_ENABLE_MODULES = YES;
				CLANG_ENABLE_OBJC_ARC = YES;
				CLANG_ENABLE_OBJC_WEAK = YES;
				CLANG_WARN_BLOCK_CAPTURE_AUTORELEASING = YES;
				CLANG_WARN_BOOL_CONVERSION = YES;
				CLANG_WARN_COMMA = YES;
				CLANG_WARN_CONSTANT_CONVERSION = YES;
				CLANG_WARN_DEPRECATED_OBJC_IMPLEMENTATIONS = YES;
				CLANG_WARN_DIRECT_OBJC_ISA_USAGE = YES_ERROR;
				CLANG_WARN_DOCUMENTATION_COMMENTS = YES;
				CLANG_WARN_EMPTY_BODY = YES;
				CLANG_WARN_ENUM_CONVERSION = YES;
				CLANG_WARN_INFINITE_RECURSION = YES;
				CLANG_WARN_INT_CONVERSION = YES;
				CLANG_WARN_NON_LITERAL_NULL_CONVERSION = YES;
				CLANG_WARN_OBJC_IMPLICIT_RETAIN_SELF = YES;
				CLANG_WARN_OBJC_LITERAL_CONVERSION = YES;
				CLANG_WARN_OBJC_ROOT_CLASS = YES_ERROR;
				CLANG_WARN_QUOTED_INCLUDE_IN_FRAMEWORK_HEADER = YES;
				CLANG_WARN_RANGE_LOOP_ANALYSIS = YES;
				CLANG_WARN_STRICT_PROTOTYPES = YES;
				CLANG_WARN_SUSPICIOUS_MOVE = YES;
				CLANG_WARN_UNGUARDED_AVAILABILITY = YES_AGGRESSIVE;
				CLANG_WARN_UNREACHABLE_CODE = YES;
				CLANG_WARN__DUPLICATE_METHOD_MATCH = YES;
				COPY_PHASE_STRIP = NO;
				DEBUG_INFORMATION_FORMAT = "dwarf-with-dsym";
				ENABLE_NS_ASSERTIONS = NO;
				ENABLE_STRICT_OBJC_MSGSEND = YES;
				GCC_C_LANGUAGE_STANDARD = gnu11;
				GCC_NO_COMMON_BLOCKS = YES;
				GCC_WARN_64_TO_32_BIT_CONVERSION = YES;
				GCC_WARN_ABOUT_RETURN_TYPE = YES_ERROR;
				GCC_WARN_UNDECLARED_SELECTOR = YES;
				GCC_WARN_UNINITIALIZED_AUTOS = YES_AGGRESSIVE;
				GCC_WARN_UNUSED_FUNCTION = YES;
				GCC_WARN_UNUSED_VARIABLE = YES;
				IPHONEOS_DEPLOYMENT_TARGET = 16.1;
				MTL_ENABLE_DEBUG_INFO = NO;
				MTL_FAST_MATH = YES;
				SDKROOT = iphoneos;
				SWIFT_COMPILATION_MODE = wholemodule;
				SWIFT_OPTIMIZATION_LEVEL = "-O";
				VALIDATE_PRODUCT = YES;
			};
			name = Release;
		};
		5416EDF129A4E26E002764DB /* Debug */ = {
			isa = XCBuildConfiguration;
			buildSettings = {
				ASSETCATALOG_COMPILER_APPICON_NAME = AppIcon;
				ASSETCATALOG_COMPILER_GLOBAL_ACCENT_COLOR_NAME = AccentColor;
				CODE_SIGN_STYLE = Automatic;
				CURRENT_PROJECT_VERSION = 1;
				DEVELOPMENT_ASSET_PATHS = "\"SwiftUI_CardStackView/Preview Content\"";
				DEVELOPMENT_TEAM = N67R5W6U5A;
				ENABLE_PREVIEWS = YES;
				GENERATE_INFOPLIST_FILE = YES;
				INFOPLIST_KEY_UIApplicationSceneManifest_Generation = YES;
				INFOPLIST_KEY_UIApplicationSupportsIndirectInputEvents = YES;
				INFOPLIST_KEY_UILaunchScreen_Generation = YES;
				INFOPLIST_KEY_UISupportedInterfaceOrientations_iPad = "UIInterfaceOrientationPortrait UIInterfaceOrientationPortraitUpsideDown UIInterfaceOrientationLandscapeLeft UIInterfaceOrientationLandscapeRight";
				INFOPLIST_KEY_UISupportedInterfaceOrientations_iPhone = "UIInterfaceOrientationPortrait UIInterfaceOrientationLandscapeLeft UIInterfaceOrientationLandscapeRight";
				LD_RUNPATH_SEARCH_PATHS = (
					"$(inherited)",
					"@executable_path/Frameworks",
				);
				MARKETING_VERSION = 1.0;
				PRODUCT_BUNDLE_IDENTIFIER = "michelle.SwiftUI-CardStackView";
				PRODUCT_NAME = "$(TARGET_NAME)";
				SWIFT_EMIT_LOC_STRINGS = YES;
				SWIFT_VERSION = 5.0;
				TARGETED_DEVICE_FAMILY = "1,2";
			};
			name = Debug;
		};
		5416EDF229A4E26E002764DB /* Release */ = {
			isa = XCBuildConfiguration;
			buildSettings = {
				ASSETCATALOG_COMPILER_APPICON_NAME = AppIcon;
				ASSETCATALOG_COMPILER_GLOBAL_ACCENT_COLOR_NAME = AccentColor;
				CODE_SIGN_STYLE = Automatic;
				CURRENT_PROJECT_VERSION = 1;
				DEVELOPMENT_ASSET_PATHS = "\"SwiftUI_CardStackView/Preview Content\"";
				DEVELOPMENT_TEAM = N67R5W6U5A;
				ENABLE_PREVIEWS = YES;
				GENERATE_INFOPLIST_FILE = YES;
				INFOPLIST_KEY_UIApplicationSceneManifest_Generation = YES;
				INFOPLIST_KEY_UIApplicationSupportsIndirectInputEvents = YES;
				INFOPLIST_KEY_UILaunchScreen_Generation = YES;
				INFOPLIST_KEY_UISupportedInterfaceOrientations_iPad = "UIInterfaceOrientationPortrait UIInterfaceOrientationPortraitUpsideDown UIInterfaceOrientationLandscapeLeft UIInterfaceOrientationLandscapeRight";
				INFOPLIST_KEY_UISupportedInterfaceOrientations_iPhone = "UIInterfaceOrientationPortrait UIInterfaceOrientationLandscapeLeft UIInterfaceOrientationLandscapeRight";
				LD_RUNPATH_SEARCH_PATHS = (
					"$(inherited)",
					"@executable_path/Frameworks",
				);
				MARKETING_VERSION = 1.0;
				PRODUCT_BUNDLE_IDENTIFIER = "michelle.SwiftUI-CardStackView";
				PRODUCT_NAME = "$(TARGET_NAME)";
				SWIFT_EMIT_LOC_STRINGS = YES;
				SWIFT_VERSION = 5.0;
				TARGETED_DEVICE_FAMILY = "1,2";
			};
			name = Release;
		};
/* End XCBuildConfiguration section */

/* Begin XCConfigurationList section */
		5416EDDD29A4E26D002764DB /* Build configuration list for PBXProject "SwiftUI_CardStackView" */ = {
			isa = XCConfigurationList;
			buildConfigurations = (
				5416EDEE29A4E26E002764DB /* Debug */,
				5416EDEF29A4E26E002764DB /* Release */,
			);
			defaultConfigurationIsVisible = 0;
			defaultConfigurationName = Release;
		};
		5416EDF029A4E26E002764DB /* Build configuration list for PBXNativeTarget "SwiftUI_CardStackView" */ = {
			isa = XCConfigurationList;
			buildConfigurations = (
				5416EDF129A4E26E002764DB /* Debug */,
				5416EDF229A4E26E002764DB /* Release */,
			);
			defaultConfigurationIsVisible = 0;
			defaultConfigurationName = Release;
		};
/* End XCConfigurationList section */
	};
	rootObject = 5416EDDA29A4E26D002764DB /* Project object */;
}
